# THIS IS AN AUTOGENERATED FILE. DO NOT EDIT THIS FILE DIRECTLY.
# yarn lockfile v1


docxtemplater@^3.0.11:
  version "3.0.11"
  resolved "https://registry.yarnpkg.com/docxtemplater/-/docxtemplater-3.0.11.tgz#fab5fcd289a7e435a95aa4d04d892eb9fd20ad28"
  dependencies:
    xmldom "^0.1.27"

is-fn@^1.0.0:
  version "1.0.0"
  resolved "https://registry.yarnpkg.com/is-fn/-/is-fn-1.0.0.tgz#9543d5de7bcf5b08a22ec8a20bae6e286d510d8c"

jszip@2:
  version "2.6.1"
  resolved "https://registry.yarnpkg.com/jszip/-/jszip-2.6.1.tgz#b88f3a7b2e67a2a048152982c7a3756d9c4828f0"
  dependencies:
    pako "~1.0.2"

left-pad@^1.1.3:
  version "1.1.3"
  resolved "https://registry.yarnpkg.com/left-pad/-/left-pad-1.1.3.tgz#612f61c033f3a9e08e939f1caebeea41b6f3199a"

pako@~1.0.2:
  version "1.0.5"
  resolved "https://registry.yarnpkg.com/pako/-/pako-1.0.5.tgz#d2205dfe5b9da8af797e7c163db4d1f84e4600bc"

proxify-objects@^0.0.5:
  version "0.0.5"
  resolved "https://registry.yarnpkg.com/proxify-objects/-/proxify-objects-0.0.5.tgz#2baf38921c6766a318273b082f2e1ed0010c8285"
  dependencies:
    is-fn "^1.0.0"

xmldom@^0.1.27:
  version "0.1.27"
  resolved "https://registry.yarnpkg.com/xmldom/-/xmldom-0.1.27.tgz#d501f97b3bdb403af8ef9ecc20573187aadac0e9"
